
Microsoft Visual Studio Solution File, Format Version 12.00
# Visual Studio Version 17
VisualStudioVersion = 17.10.35027.167
MinimumVisualStudioVersion = 10.0.40219.1
Project("{FAE04EC0-301F-11D3-BF4B-00C04F79EFBC}") = "Estore", "Estore.csproj", "{5B109723-1C0F-49FB-930B-D0E203A83DEB}"
EndProject
Global
	GlobalSection(SolutionConfigurationPlatforms) = preSolution
		Debug|Any CPU = Debug|Any CPU
		Release|Any CPU = Release|Any CPU
	EndGlobalSection
	GlobalSection(ProjectConfigurationPlatforms) = postSolution
		{5B109723-1C0F-49FB-930B-D0E203A83DEB}.Debug|Any CPU.ActiveCfg = Debug|Any CPU
		{5B109723-1C0F-49FB-930B-D0E203A83DEB}.Debug|Any CPU.Build.0 = Debug|Any CPU
		{5B109723-1C0F-49FB-930B-D0E203A83DEB}.Release|Any CPU.ActiveCfg = Release|Any CPU
		{5B109723-1C0F-49FB-930B-D0E203A83DEB}.Release|Any CPU.Build.0 = Release|Any CPU
	EndGlobalSection
	GlobalSection(SolutionProperties) = preSolution
		HideSolutionNode = FALSE
	EndGlobalSection
	GlobalSection(ExtensibilityGlobals) = postSolution
		SolutionGuid = {F6A41A88-6A83-4615-8F70-F5E18BE08ED1}
	EndGlobalSection
EndGlobal
